
Microsoft Visual Studio Solution File, Format Version 12.00
# Visual Studio Version 16
VisualStudioVersion = 16.0.30517.126
MinimumVisualStudioVersion = 10.0.40219.1
Project("{FAE04EC0-301F-11D3-BF4B-00C04F79EFBC}") = "CodeQLConsoleAPP", "CodeQLConsoleAPP\CodeQLConsoleAPP.csproj", "{779275E7-160F-4100-918F-34028D838C38}"
EndProject
Global
	GlobalSection(SolutionConfigurationPlatforms) = preSolution
		Debug|Any CPU = Debug|Any CPU
		Release|Any CPU = Release|Any CPU
	EndGlobalSection
	GlobalSection(ProjectConfigurationPlatforms) = postSolution
		{779275E7-160F-4100-918F-34028D838C38}.Debug|Any CPU.ActiveCfg = Debug|Any CPU
		{779275E7-160F-4100-918F-34028D838C38}.Debug|Any CPU.Build.0 = Debug|Any CPU
		{779275E7-160F-4100-918F-34028D838C38}.Release|Any CPU.ActiveCfg = Release|Any CPU
		{779275E7-160F-4100-918F-34028D838C38}.Release|Any CPU.Build.0 = Release|Any CPU
	EndGlobalSection
	GlobalSection(SolutionProperties) = preSolution
		HideSolutionNode = FALSE
	EndGlobalSection
	GlobalSection(ExtensibilityGlobals) = postSolution
		SolutionGuid = {3EB46C1C-853B-4642-B08F-48DB64CD6A77}
	EndGlobalSection
EndGlobal
